
Microsoft Visual Studio Solution File, Format Version 12.00
# Visual Studio 15
VisualStudioVersion = 15.0.27130.2010
MinimumVisualStudioVersion = 10.0.40219.1
Project("{FAE04EC0-301F-11D3-BF4B-00C04F79EFBC}") = "Beveiliging", "AlarmSysteem\Beveiliging.csproj", "{8EEB6358-C0F6-4F68-8011-E8C01CE74EF6}"
EndProject
Project("{FAE04EC0-301F-11D3-BF4B-00C04F79EFBC}") = "Beveiliging.Testen", "AlarmSysteem.Testen\Beveiliging.Testen.csproj", "{F31EA9BF-53A7-45CE-A032-2091D1AACBF9}"
EndProject
Global
	GlobalSection(SolutionConfigurationPlatforms) = preSolution
		Debug|Any CPU = Debug|Any CPU
		Release|Any CPU = Release|Any CPU
	EndGlobalSection
	GlobalSection(ProjectConfigurationPlatforms) = postSolution
		{8EEB6358-C0F6-4F68-8011-E8C01CE74EF6}.Debug|Any CPU.ActiveCfg = Debug|Any CPU
		{8EEB6358-C0F6-4F68-8011-E8C01CE74EF6}.Debug|Any CPU.Build.0 = Debug|Any CPU
		{8EEB6358-C0F6-4F68-8011-E8C01CE74EF6}.Release|Any CPU.ActiveCfg = Release|Any CPU
		{8EEB6358-C0F6-4F68-8011-E8C01CE74EF6}.Release|Any CPU.Build.0 = Release|Any CPU
		{F31EA9BF-53A7-45CE-A032-2091D1AACBF9}.Debug|Any CPU.ActiveCfg = Debug|Any CPU
		{F31EA9BF-53A7-45CE-A032-2091D1AACBF9}.Debug|Any CPU.Build.0 = Debug|Any CPU
		{F31EA9BF-53A7-45CE-A032-2091D1AACBF9}.Release|Any CPU.ActiveCfg = Release|Any CPU
		{F31EA9BF-53A7-45CE-A032-2091D1AACBF9}.Release|Any CPU.Build.0 = Release|Any CPU
	EndGlobalSection
	GlobalSection(SolutionProperties) = preSolution
		HideSolutionNode = FALSE
	EndGlobalSection
	GlobalSection(ExtensibilityGlobals) = postSolution
		SolutionGuid = {4F5E2C61-B908-4FA6-AB0D-7DE887C09E06}
	EndGlobalSection
EndGlobal
